
Microsoft Visual Studio Solution File, Format Version 12.00
# Visual Studio Version 17
VisualStudioVersion = 17.5.33414.496
MinimumVisualStudioVersion = 10.0.40219.1
Project("{FAE04EC0-301F-11D3-BF4B-00C04F79EFBC}") = "Home_Task_8_4", "Home_Task_8_4.csproj", "{FE59FFEE-1A68-4BA5-9136-A0F13D22904E}"
EndProject
Global
	GlobalSection(SolutionConfigurationPlatforms) = preSolution
		Debug|Any CPU = Debug|Any CPU
		Release|Any CPU = Release|Any CPU
	EndGlobalSection
	GlobalSection(ProjectConfigurationPlatforms) = postSolution
		{FE59FFEE-1A68-4BA5-9136-A0F13D22904E}.Debug|Any CPU.ActiveCfg = Debug|Any CPU
		{FE59FFEE-1A68-4BA5-9136-A0F13D22904E}.Debug|Any CPU.Build.0 = Debug|Any CPU
		{FE59FFEE-1A68-4BA5-9136-A0F13D22904E}.Release|Any CPU.ActiveCfg = Release|Any CPU
		{FE59FFEE-1A68-4BA5-9136-A0F13D22904E}.Release|Any CPU.Build.0 = Release|Any CPU
	EndGlobalSection
	GlobalSection(SolutionProperties) = preSolution
		HideSolutionNode = FALSE
	EndGlobalSection
	GlobalSection(ExtensibilityGlobals) = postSolution
		SolutionGuid = {23188002-E861-42EF-AFB4-B0F0D852F00F}
	EndGlobalSection
EndGlobal
