
Microsoft Visual Studio Solution File, Format Version 12.00
# Visual Studio Version 17
VisualStudioVersion = 17.5.33424.131
MinimumVisualStudioVersion = 10.0.40219.1
Project("{FAE04EC0-301F-11D3-BF4B-00C04F79EFBC}") = "Home_Task_1_4", "Home_Task_1_4\Home_Task_1_4.csproj", "{DE0EE1F7-4A8C-49A3-B169-4C5B349F0FA6}"
EndProject
Global
	GlobalSection(SolutionConfigurationPlatforms) = preSolution
		Debug|Any CPU = Debug|Any CPU
		Release|Any CPU = Release|Any CPU
	EndGlobalSection
	GlobalSection(ProjectConfigurationPlatforms) = postSolution
		{DE0EE1F7-4A8C-49A3-B169-4C5B349F0FA6}.Debug|Any CPU.ActiveCfg = Debug|Any CPU
		{DE0EE1F7-4A8C-49A3-B169-4C5B349F0FA6}.Debug|Any CPU.Build.0 = Debug|Any CPU
		{DE0EE1F7-4A8C-49A3-B169-4C5B349F0FA6}.Release|Any CPU.ActiveCfg = Release|Any CPU
		{DE0EE1F7-4A8C-49A3-B169-4C5B349F0FA6}.Release|Any CPU.Build.0 = Release|Any CPU
	EndGlobalSection
	GlobalSection(SolutionProperties) = preSolution
		HideSolutionNode = FALSE
	EndGlobalSection
	GlobalSection(ExtensibilityGlobals) = postSolution
		SolutionGuid = {3DB857FE-6B67-4BEF-AFFD-65B21EB758F8}
	EndGlobalSection
EndGlobal
