
Microsoft Visual Studio Solution File, Format Version 12.00
# Visual Studio Version 17
VisualStudioVersion = 17.5.33424.131
MinimumVisualStudioVersion = 10.0.40219.1
Project("{FAE04EC0-301F-11D3-BF4B-00C04F79EFBC}") = "Home_Task_5_1", "Home_Task_5_1\Home_Task_5_1.csproj", "{33FB1B64-BC1F-4740-B14B-9E5ADF34B8C1}"
EndProject
Global
	GlobalSection(SolutionConfigurationPlatforms) = preSolution
		Debug|Any CPU = Debug|Any CPU
		Release|Any CPU = Release|Any CPU
	EndGlobalSection
	GlobalSection(ProjectConfigurationPlatforms) = postSolution
		{33FB1B64-BC1F-4740-B14B-9E5ADF34B8C1}.Debug|Any CPU.ActiveCfg = Debug|Any CPU
		{33FB1B64-BC1F-4740-B14B-9E5ADF34B8C1}.Debug|Any CPU.Build.0 = Debug|Any CPU
		{33FB1B64-BC1F-4740-B14B-9E5ADF34B8C1}.Release|Any CPU.ActiveCfg = Release|Any CPU
		{33FB1B64-BC1F-4740-B14B-9E5ADF34B8C1}.Release|Any CPU.Build.0 = Release|Any CPU
	EndGlobalSection
	GlobalSection(SolutionProperties) = preSolution
		HideSolutionNode = FALSE
	EndGlobalSection
	GlobalSection(ExtensibilityGlobals) = postSolution
		SolutionGuid = {3678F3F0-628C-4657-B117-AA26FE7D93A2}
	EndGlobalSection
EndGlobal
