
Microsoft Visual Studio Solution File, Format Version 12.00
# Visual Studio Version 17
VisualStudioVersion = 17.5.33414.496
MinimumVisualStudioVersion = 10.0.40219.1
Project("{FAE04EC0-301F-11D3-BF4B-00C04F79EFBC}") = "Home_Task_10_2", "Home_Task_10_2.csproj", "{FB0FAADB-37C1-4171-AF1A-EB31D2790C16}"
EndProject
Global
	GlobalSection(SolutionConfigurationPlatforms) = preSolution
		Debug|Any CPU = Debug|Any CPU
		Release|Any CPU = Release|Any CPU
	EndGlobalSection
	GlobalSection(ProjectConfigurationPlatforms) = postSolution
		{FB0FAADB-37C1-4171-AF1A-EB31D2790C16}.Debug|Any CPU.ActiveCfg = Debug|Any CPU
		{FB0FAADB-37C1-4171-AF1A-EB31D2790C16}.Debug|Any CPU.Build.0 = Debug|Any CPU
		{FB0FAADB-37C1-4171-AF1A-EB31D2790C16}.Release|Any CPU.ActiveCfg = Release|Any CPU
		{FB0FAADB-37C1-4171-AF1A-EB31D2790C16}.Release|Any CPU.Build.0 = Release|Any CPU
	EndGlobalSection
	GlobalSection(SolutionProperties) = preSolution
		HideSolutionNode = FALSE
	EndGlobalSection
	GlobalSection(ExtensibilityGlobals) = postSolution
		SolutionGuid = {1D12391B-74DD-4EE3-9A65-968E16979F8F}
	EndGlobalSection
EndGlobal
